
Microsoft Visual Studio Solution File, Format Version 11.00
# Visual Studio 2010
Project("{8BC9CEB8-8B4A-11D0-8D11-00A0C91BC942}") = "IGisMapEditor", "IGisMapEditor\IGisMapEditor.vcxproj", "{9DACE2F4-4FA6-4398-8D04-62738450CF80}"
EndProject
Global
	GlobalSection(SolutionConfigurationPlatforms) = preSolution
		Debug|Win32 = Debug|Win32
		Release|Win32 = Release|Win32
	EndGlobalSection
	GlobalSection(ProjectConfigurationPlatforms) = postSolution
		{9DACE2F4-4FA6-4398-8D04-62738450CF80}.Debug|Win32.ActiveCfg = Debug|Win32
		{9DACE2F4-4FA6-4398-8D04-62738450CF80}.Debug|Win32.Build.0 = Debug|Win32
		{9DACE2F4-4FA6-4398-8D04-62738450CF80}.Release|Win32.ActiveCfg = Release|Win32
		{9DACE2F4-4FA6-4398-8D04-62738450CF80}.Release|Win32.Build.0 = Release|Win32
	EndGlobalSection
	GlobalSection(SolutionProperties) = preSolution
		HideSolutionNode = FALSE
	EndGlobalSection
EndGlobal
